
Microsoft Visual Studio Solution File, Format Version 12.00
# Visual Studio Version 17
VisualStudioVersion = 17.11.35312.102
MinimumVisualStudioVersion = 10.0.40219.1
Project("{8BC9CEB8-8B4A-11D0-8D11-00A0C91BC942}") = "Ex1", "Ex1\Ex1.vcxproj", "{DCAB603E-CA5D-4369-BEFA-E346A04E7C11}"
EndProject
Project("{8BC9CEB8-8B4A-11D0-8D11-00A0C91BC942}") = "Ex2", "Ex2\Ex2.vcxproj", "{4C54A861-B80C-4828-8675-3E0830C86B64}"
EndProject
Project("{8BC9CEB8-8B4A-11D0-8D11-00A0C91BC942}") = "SquareRoots", "SquareRoots\SquareRoots.vcxproj", "{17BEBE56-85FD-4B9F-B334-53F2113F80E4}"
EndProject
Project("{8BC9CEB8-8B4A-11D0-8D11-00A0C91BC942}") = "InputData", "InputData\InputData.vcxproj", "{060361E9-E2EB-44BA-B209-8D07635583AD}"
EndProject
Global
	GlobalSection(SolutionConfigurationPlatforms) = preSolution
		Debug|x64 = Debug|x64
		Debug|x86 = Debug|x86
		Release|x64 = Release|x64
		Release|x86 = Release|x86
	EndGlobalSection
	GlobalSection(ProjectConfigurationPlatforms) = postSolution
		{DCAB603E-CA5D-4369-BEFA-E346A04E7C11}.Debug|x64.ActiveCfg = Debug|x64
		{DCAB603E-CA5D-4369-BEFA-E346A04E7C11}.Debug|x64.Build.0 = Debug|x64
		{DCAB603E-CA5D-4369-BEFA-E346A04E7C11}.Debug|x86.ActiveCfg = Debug|Win32
		{DCAB603E-CA5D-4369-BEFA-E346A04E7C11}.Debug|x86.Build.0 = Debug|Win32
		{DCAB603E-CA5D-4369-BEFA-E346A04E7C11}.Release|x64.ActiveCfg = Release|x64
		{DCAB603E-CA5D-4369-BEFA-E346A04E7C11}.Release|x64.Build.0 = Release|x64
		{DCAB603E-CA5D-4369-BEFA-E346A04E7C11}.Release|x86.ActiveCfg = Release|Win32
		{DCAB603E-CA5D-4369-BEFA-E346A04E7C11}.Release|x86.Build.0 = Release|Win32
		{4C54A861-B80C-4828-8675-3E0830C86B64}.Debug|x64.ActiveCfg = Debug|x64
		{4C54A861-B80C-4828-8675-3E0830C86B64}.Debug|x64.Build.0 = Debug|x64
		{4C54A861-B80C-4828-8675-3E0830C86B64}.Debug|x86.ActiveCfg = Debug|Win32
		{4C54A861-B80C-4828-8675-3E0830C86B64}.Debug|x86.Build.0 = Debug|Win32
		{4C54A861-B80C-4828-8675-3E0830C86B64}.Release|x64.ActiveCfg = Release|x64
		{4C54A861-B80C-4828-8675-3E0830C86B64}.Release|x64.Build.0 = Release|x64
		{4C54A861-B80C-4828-8675-3E0830C86B64}.Release|x86.ActiveCfg = Release|Win32
		{4C54A861-B80C-4828-8675-3E0830C86B64}.Release|x86.Build.0 = Release|Win32
		{17BEBE56-85FD-4B9F-B334-53F2113F80E4}.Debug|x64.ActiveCfg = Debug|x64
		{17BEBE56-85FD-4B9F-B334-53F2113F80E4}.Debug|x64.Build.0 = Debug|x64
		{17BEBE56-85FD-4B9F-B334-53F2113F80E4}.Debug|x86.ActiveCfg = Debug|Win32
		{17BEBE56-85FD-4B9F-B334-53F2113F80E4}.Debug|x86.Build.0 = Debug|Win32
		{17BEBE56-85FD-4B9F-B334-53F2113F80E4}.Release|x64.ActiveCfg = Release|x64
		{17BEBE56-85FD-4B9F-B334-53F2113F80E4}.Release|x64.Build.0 = Release|x64
		{17BEBE56-85FD-4B9F-B334-53F2113F80E4}.Release|x86.ActiveCfg = Release|Win32
		{17BEBE56-85FD-4B9F-B334-53F2113F80E4}.Release|x86.Build.0 = Release|Win32
		{060361E9-E2EB-44BA-B209-8D07635583AD}.Debug|x64.ActiveCfg = Debug|x64
		{060361E9-E2EB-44BA-B209-8D07635583AD}.Debug|x64.Build.0 = Debug|x64
		{060361E9-E2EB-44BA-B209-8D07635583AD}.Debug|x86.ActiveCfg = Debug|Win32
		{060361E9-E2EB-44BA-B209-8D07635583AD}.Debug|x86.Build.0 = Debug|Win32
		{060361E9-E2EB-44BA-B209-8D07635583AD}.Release|x64.ActiveCfg = Release|x64
		{060361E9-E2EB-44BA-B209-8D07635583AD}.Release|x64.Build.0 = Release|x64
		{060361E9-E2EB-44BA-B209-8D07635583AD}.Release|x86.ActiveCfg = Release|Win32
		{060361E9-E2EB-44BA-B209-8D07635583AD}.Release|x86.Build.0 = Release|Win32
	EndGlobalSection
	GlobalSection(SolutionProperties) = preSolution
		HideSolutionNode = FALSE
	EndGlobalSection
	GlobalSection(ExtensibilityGlobals) = postSolution
		SolutionGuid = {0EEE48EA-1CCB-4BFC-8445-0EAD7CAE9D76}
	EndGlobalSection
EndGlobal
