
Microsoft Visual Studio Solution File, Format Version 12.00
# Visual Studio Version 17
VisualStudioVersion = 17.8.34330.188
MinimumVisualStudioVersion = 10.0.40219.1
Project("{8BC9CEB8-8B4A-11D0-8D11-00A0C91BC942}") = "kz2", "kz2.vcxproj", "{24F2010A-5065-41A0-8748-E9250C511FB6}"
EndProject
Global
	GlobalSection(SolutionConfigurationPlatforms) = preSolution
		Debug|x64 = Debug|x64
		Debug|x86 = Debug|x86
		Release|x64 = Release|x64
		Release|x86 = Release|x86
	EndGlobalSection
	GlobalSection(ProjectConfigurationPlatforms) = postSolution
		{24F2010A-5065-41A0-8748-E9250C511FB6}.Debug|x64.ActiveCfg = Debug|x64
		{24F2010A-5065-41A0-8748-E9250C511FB6}.Debug|x64.Build.0 = Debug|x64
		{24F2010A-5065-41A0-8748-E9250C511FB6}.Debug|x86.ActiveCfg = Debug|Win32
		{24F2010A-5065-41A0-8748-E9250C511FB6}.Debug|x86.Build.0 = Debug|Win32
		{24F2010A-5065-41A0-8748-E9250C511FB6}.Release|x64.ActiveCfg = Release|x64
		{24F2010A-5065-41A0-8748-E9250C511FB6}.Release|x64.Build.0 = Release|x64
		{24F2010A-5065-41A0-8748-E9250C511FB6}.Release|x86.ActiveCfg = Release|Win32
		{24F2010A-5065-41A0-8748-E9250C511FB6}.Release|x86.Build.0 = Release|Win32
	EndGlobalSection
	GlobalSection(SolutionProperties) = preSolution
		HideSolutionNode = FALSE
	EndGlobalSection
	GlobalSection(ExtensibilityGlobals) = postSolution
		SolutionGuid = {9A7DC2D5-46A4-4996-8D48-C0E807B762D7}
	EndGlobalSection
EndGlobal
